// !$*UTF8*$!
{
	archiveVersion = 1;
	classes = {
	};
	objectVersion = 46;
	objects = {

/* Begin PBXBuildFile section */
		F4528C541803F66700DFAA10 /* VTABMDetailViewController.m in Sources */ = {isa = PBXBuildFile; fileRef = F4528C531803F66700DFAA10 /* VTABMDetailViewController.m */; };
		F4528C57180400AB00DFAA10 /* VTABMImageStore.m in Sources */ = {isa = PBXBuildFile; fileRef = F4528C56180400AB00DFAA10 /* VTABMImageStore.m */; };
		F4528C5A1804073600DFAA10 /* Cat+createThumbnail.m in Sources */ = {isa = PBXBuildFile; fileRef = F4528C591804073600DFAA10 /* Cat+createThumbnail.m */; };
		F4528C5D1804075D00DFAA10 /* VTABMRequestStore.m in Sources */ = {isa = PBXBuildFile; fileRef = F4528C5C1804075D00DFAA10 /* VTABMRequestStore.m */; };
		F4528C60180408A400DFAA10 /* Cat.m in Sources */ = {isa = PBXBuildFile; fileRef = F4528C5F180408A400DFAA10 /* Cat.m */; };
		F4528C63180411AA00DFAA10 /* VTABMConnection.m in Sources */ = {isa = PBXBuildFile; fileRef = F4528C62180411AA00DFAA10 /* VTABMConnection.m */; };
		F4528C66180417B200DFAA10 /* VTABMWebViewController.m in Sources */ = {isa = PBXBuildFile; fileRef = F4528C65180417B200DFAA10 /* VTABMWebViewController.m */; };
		F4528C691804232500DFAA10 /* VTABMBackupViewController.m in Sources */ = {isa = PBXBuildFile; fileRef = F4528C681804232500DFAA10 /* VTABMBackupViewController.m */; };
		F4528C6D1804253400DFAA10 /* VTABackupManager.m in Sources */ = {isa = PBXBuildFile; fileRef = F4528C6C1804253400DFAA10 /* VTABackupManager.m */; };
		F45405BB1802AD8D00F50C1D /* Foundation.framework in Frameworks */ = {isa = PBXBuildFile; fileRef = F45405BA1802AD8D00F50C1D /* Foundation.framework */; };
		F45405BD1802AD8D00F50C1D /* CoreGraphics.framework in Frameworks */ = {isa = PBXBuildFile; fileRef = F45405BC1802AD8D00F50C1D /* CoreGraphics.framework */; };
		F45405BF1802AD8D00F50C1D /* UIKit.framework in Frameworks */ = {isa = PBXBuildFile; fileRef = F45405BE1802AD8D00F50C1D /* UIKit.framework */; };
		F45405C51802AD8D00F50C1D /* InfoPlist.strings in Resources */ = {isa = PBXBuildFile; fileRef = F45405C31802AD8D00F50C1D /* InfoPlist.strings */; };
		F45405C71802AD8D00F50C1D /* main.m in Sources */ = {isa = PBXBuildFile; fileRef = F45405C61802AD8D00F50C1D /* main.m */; };
		F45405CB1802AD8D00F50C1D /* VTABMAppDelegate.m in Sources */ = {isa = PBXBuildFile; fileRef = F45405CA1802AD8D00F50C1D /* VTABMAppDelegate.m */; };
		F45405CE1802AD8D00F50C1D /* Main.storyboard in Resources */ = {isa = PBXBuildFile; fileRef = F45405CC1802AD8D00F50C1D /* Main.storyboard */; };
		F45405D11802AD8D00F50C1D /* VTABMViewController.m in Sources */ = {isa = PBXBuildFile; fileRef = F45405D01802AD8D00F50C1D /* VTABMViewController.m */; };
		F45405D31802AD8D00F50C1D /* Images.xcassets in Resources */ = {isa = PBXBuildFile; fileRef = F45405D21802AD8D00F50C1D /* Images.xcassets */; };
		F45405DA1802AD8D00F50C1D /* XCTest.framework in Frameworks */ = {isa = PBXBuildFile; fileRef = F45405D91802AD8D00F50C1D /* XCTest.framework */; };
		F45405DB1802AD8D00F50C1D /* Foundation.framework in Frameworks */ = {isa = PBXBuildFile; fileRef = F45405BA1802AD8D00F50C1D /* Foundation.framework */; };
		F45405DC1802AD8D00F50C1D /* UIKit.framework in Frameworks */ = {isa = PBXBuildFile; fileRef = F45405BE1802AD8D00F50C1D /* UIKit.framework */; };
		F45405E41802AD8D00F50C1D /* InfoPlist.strings in Resources */ = {isa = PBXBuildFile; fileRef = F45405E21802AD8D00F50C1D /* InfoPlist.strings */; };
		F45405E61802AD8D00F50C1D /* VTABMTests.m in Sources */ = {isa = PBXBuildFile; fileRef = F45405E51802AD8D00F50C1D /* VTABMTests.m */; };
		F45405F11802ADF100F50C1D /* vtabm.xcdatamodeld in Sources */ = {isa = PBXBuildFile; fileRef = F45405EF1802ADF100F50C1D /* vtabm.xcdatamodeld */; };
		F45405F71802B08000F50C1D /* VTABMStore.m in Sources */ = {isa = PBXBuildFile; fileRef = F45405F61802B08000F50C1D /* VTABMStore.m */; };
		F45406091802C72000F50C1D /* Toy.m in Sources */ = {isa = PBXBuildFile; fileRef = F45406081802C72000F50C1D /* Toy.m */; };
		F454060C1802D36400F50C1D /* VTABMFetchedResultsTableViewController.m in Sources */ = {isa = PBXBuildFile; fileRef = F454060B1802D36400F50C1D /* VTABMFetchedResultsTableViewController.m */; };
		F474B7CC18AF3EEF0007E238 /* VTADropboxManager.m in Sources */ = {isa = PBXBuildFile; fileRef = F474B7CB18AF3EEF0007E238 /* VTADropboxManager.m */; };
		F4788CAF1848A43F005DB095 /* VTABackupItem.m in Sources */ = {isa = PBXBuildFile; fileRef = F4788CAE1848A43F005DB095 /* VTABackupItem.m */; };
		F4B6F74918B32FC200987B99 /* Reachability.m in Sources */ = {isa = PBXBuildFile; fileRef = F4B6F74818B32FC200987B99 /* Reachability.m */; };
		F4B6F74C18B332DE00987B99 /* Security.framework in Frameworks */ = {isa = PBXBuildFile; fileRef = F4B6F74B18B332DE00987B99 /* Security.framework */; };
		F4B6F74E18B332EA00987B99 /* QuartzCore.framework in Frameworks */ = {isa = PBXBuildFile; fileRef = F4B6F74D18B332EA00987B99 /* QuartzCore.framework */; };
		F4B6F75218B3418500987B99 /* Dropbox.framework in Frameworks */ = {isa = PBXBuildFile; fileRef = F4B6F75118B3418500987B99 /* Dropbox.framework */; };
		F4B6F75418B3423900987B99 /* CFNetwork.framework in Frameworks */ = {isa = PBXBuildFile; fileRef = F4B6F75318B3423900987B99 /* CFNetwork.framework */; };
		F4B6F75618B3424700987B99 /* SystemConfiguration.framework in Frameworks */ = {isa = PBXBuildFile; fileRef = F4B6F75518B3424700987B99 /* SystemConfiguration.framework */; };
		F4B6F75818B3426100987B99 /* libc++.dylib in Frameworks */ = {isa = PBXBuildFile; fileRef = F4B6F75718B3426100987B99 /* libc++.dylib */; };
		F4B6F75B18B358A700987B99 /* VTABackupManager 2.m in Sources */ = {isa = PBXBuildFile; fileRef = F4B6F75A18B358A700987B99 /* VTABackupManager 2.m */; };
		F4B6F75E18B9BB4F00987B99 /* VTABMBackupManagerTests.m in Sources */ = {isa = PBXBuildFile; fileRef = F4B6F75D18B9BB4F00987B99 /* VTABMBackupManagerTests.m */; };
/* End PBXBuildFile section */

/* Begin PBXContainerItemProxy section */
		F45405DD1802AD8D00F50C1D /* PBXContainerItemProxy */ = {
			isa = PBXContainerItemProxy;
			containerPortal = F45405AF1802AD8D00F50C1D /* Project object */;
			proxyType = 1;
			remoteGlobalIDString = F45405B61802AD8D00F50C1D;
			remoteInfo = VTABM;
		};
/* End PBXContainerItemProxy section */

/* Begin PBXFileReference section */
		F4528C521803F66700DFAA10 /* VTABMDetailViewController.h */ = {isa = PBXFileReference; fileEncoding = 4; lastKnownFileType = sourcecode.c.h; name = VTABMDetailViewController.h; path = Controller/VTABMDetailViewController.h; sourceTree = "<group>"; };
		F4528C531803F66700DFAA10 /* VTABMDetailViewController.m */ = {isa = PBXFileReference; fileEncoding = 4; lastKnownFileType = sourcecode.c.objc; name = VTABMDetailViewController.m; path = Controller/VTABMDetailViewController.m; sourceTree = "<group>"; };
		F4528C55180400AB00DFAA10 /* VTABMImageStore.h */ = {isa = PBXFileReference; fileEncoding = 4; lastKnownFileType = sourcecode.c.h; name = VTABMImageStore.h; path = Model/VTABMImageStore.h; sourceTree = "<group>"; };
		F4528C56180400AB00DFAA10 /* VTABMImageStore.m */ = {isa = PBXFileReference; fileEncoding = 4; lastKnownFileType = sourcecode.c.objc; name = VTABMImageStore.m; path = Model/VTABMImageStore.m; sourceTree = "<group>"; };
		F4528C581804073600DFAA10 /* Cat+createThumbnail.h */ = {isa = PBXFileReference; fileEncoding = 4; lastKnownFileType = sourcecode.c.h; name = "Cat+createThumbnail.h"; path = "Model/Cat+createThumbnail.h"; sourceTree = "<group>"; };
		F4528C591804073600DFAA10 /* Cat+createThumbnail.m */ = {isa = PBXFileReference; fileEncoding = 4; lastKnownFileType = sourcecode.c.objc; name = "Cat+createThumbnail.m"; path = "Model/Cat+createThumbnail.m"; sourceTree = "<group>"; };
		F4528C5B1804075D00DFAA10 /* VTABMRequestStore.h */ = {isa = PBXFileReference; fileEncoding = 4; lastKnownFileType = sourcecode.c.h; name = VTABMRequestStore.h; path = Model/VTABMRequestStore.h; sourceTree = "<group>"; };
		F4528C5C1804075D00DFAA10 /* VTABMRequestStore.m */ = {isa = PBXFileReference; fileEncoding = 4; lastKnownFileType = sourcecode.c.objc; name = VTABMRequestStore.m; path = Model/VTABMRequestStore.m; sourceTree = "<group>"; };
		F4528C5E180408A400DFAA10 /* Cat.h */ = {isa = PBXFileReference; fileEncoding = 4; lastKnownFileType = sourcecode.c.h; name = Cat.h; path = Model/Cat.h; sourceTree = "<group>"; };
		F4528C5F180408A400DFAA10 /* Cat.m */ = {isa = PBXFileReference; fileEncoding = 4; lastKnownFileType = sourcecode.c.objc; name = Cat.m; path = Model/Cat.m; sourceTree = "<group>"; };
		F4528C61180411AA00DFAA10 /* VTABMConnection.h */ = {isa = PBXFileReference; fileEncoding = 4; lastKnownFileType = sourcecode.c.h; name = VTABMConnection.h; path = Model/VTABMConnection.h; sourceTree = "<group>"; };
		F4528C62180411AA00DFAA10 /* VTABMConnection.m */ = {isa = PBXFileReference; fileEncoding = 4; lastKnownFileType = sourcecode.c.objc; name = VTABMConnection.m; path = Model/VTABMConnection.m; sourceTree = "<group>"; };
		F4528C64180417B200DFAA10 /* VTABMWebViewController.h */ = {isa = PBXFileReference; fileEncoding = 4; lastKnownFileType = sourcecode.c.h; name = VTABMWebViewController.h; path = Controller/VTABMWebViewController.h; sourceTree = "<group>"; };
		F4528C65180417B200DFAA10 /* VTABMWebViewController.m */ = {isa = PBXFileReference; fileEncoding = 4; lastKnownFileType = sourcecode.c.objc; name = VTABMWebViewController.m; path = Controller/VTABMWebViewController.m; sourceTree = "<group>"; };
		F4528C671804232500DFAA10 /* VTABMBackupViewController.h */ = {isa = PBXFileReference; fileEncoding = 4; lastKnownFileType = sourcecode.c.h; name = VTABMBackupViewController.h; path = Controller/VTABMBackupViewController.h; sourceTree = "<group>"; };
		F4528C681804232500DFAA10 /* VTABMBackupViewController.m */ = {isa = PBXFileReference; fileEncoding = 4; lastKnownFileType = sourcecode.c.objc; name = VTABMBackupViewController.m; path = Controller/VTABMBackupViewController.m; sourceTree = "<group>"; };
		F4528C6B1804253400DFAA10 /* VTABackupManager.h */ = {isa = PBXFileReference; fileEncoding = 4; lastKnownFileType = sourcecode.c.h; path = VTABackupManager.h; sourceTree = "<group>"; };
		F4528C6C1804253400DFAA10 /* VTABackupManager.m */ = {isa = PBXFileReference; fileEncoding = 4; lastKnownFileType = sourcecode.c.objc; path = VTABackupManager.m; sourceTree = "<group>"; };
		F45405B71802AD8D00F50C1D /* VTABM.app */ = {isa = PBXFileReference; explicitFileType = wrapper.application; includeInIndex = 0; path = VTABM.app; sourceTree = BUILT_PRODUCTS_DIR; };
		F45405BA1802AD8D00F50C1D /* Foundation.framework */ = {isa = PBXFileReference; lastKnownFileType = wrapper.framework; name = Foundation.framework; path = System/Library/Frameworks/Foundation.framework; sourceTree = SDKROOT; };
		F45405BC1802AD8D00F50C1D /* CoreGraphics.framework */ = {isa = PBXFileReference; lastKnownFileType = wrapper.framework; name = CoreGraphics.framework; path = System/Library/Frameworks/CoreGraphics.framework; sourceTree = SDKROOT; };
		F45405BE1802AD8D00F50C1D /* UIKit.framework */ = {isa = PBXFileReference; lastKnownFileType = wrapper.framework; name = UIKit.framework; path = System/Library/Frameworks/UIKit.framework; sourceTree = SDKROOT; };
		F45405C21802AD8D00F50C1D /* VTABM-Info.plist */ = {isa = PBXFileReference; lastKnownFileType = text.plist.xml; path = "VTABM-Info.plist"; sourceTree = "<group>"; };
		F45405C41802AD8D00F50C1D /* en */ = {isa = PBXFileReference; lastKnownFileType = text.plist.strings; name = en; path = en.lproj/InfoPlist.strings; sourceTree = "<group>"; };
		F45405C61802AD8D00F50C1D /* main.m */ = {isa = PBXFileReference; lastKnownFileType = sourcecode.c.objc; path = main.m; sourceTree = "<group>"; };
		F45405C81802AD8D00F50C1D /* VTABM-Prefix.pch */ = {isa = PBXFileReference; lastKnownFileType = sourcecode.c.h; path = "VTABM-Prefix.pch"; sourceTree = "<group>"; };
		F45405C91802AD8D00F50C1D /* VTABMAppDelegate.h */ = {isa = PBXFileReference; lastKnownFileType = sourcecode.c.h; path = VTABMAppDelegate.h; sourceTree = "<group>"; };
		F45405CA1802AD8D00F50C1D /* VTABMAppDelegate.m */ = {isa = PBXFileReference; lastKnownFileType = sourcecode.c.objc; path = VTABMAppDelegate.m; sourceTree = "<group>"; };
		F45405CD1802AD8D00F50C1D /* Base */ = {isa = PBXFileReference; lastKnownFileType = file.storyboard; name = Base; path = Base.lproj/Main.storyboard; sourceTree = "<group>"; };
		F45405CF1802AD8D00F50C1D /* VTABMViewController.h */ = {isa = PBXFileReference; lastKnownFileType = sourcecode.c.h; path = VTABMViewController.h; sourceTree = "<group>"; };
		F45405D01802AD8D00F50C1D /* VTABMViewController.m */ = {isa = PBXFileReference; lastKnownFileType = sourcecode.c.objc; path = VTABMViewController.m; sourceTree = "<group>"; };
		F45405D21802AD8D00F50C1D /* Images.xcassets */ = {isa = PBXFileReference; lastKnownFileType = folder.assetcatalog; path = Images.xcassets; sourceTree = "<group>"; };
		F45405D81802AD8D00F50C1D /* VTABMTests.xctest */ = {isa = PBXFileReference; explicitFileType = wrapper.cfbundle; includeInIndex = 0; path = VTABMTests.xctest; sourceTree = BUILT_PRODUCTS_DIR; };
		F45405D91802AD8D00F50C1D /* XCTest.framework */ = {isa = PBXFileReference; lastKnownFileType = wrapper.framework; name = XCTest.framework; path = Library/Frameworks/XCTest.framework; sourceTree = DEVELOPER_DIR; };
		F45405E11802AD8D00F50C1D /* VTABMTests-Info.plist */ = {isa = PBXFileReference; lastKnownFileType = text.plist.xml; path = "VTABMTests-Info.plist"; sourceTree = "<group>"; };
		F45405E31802AD8D00F50C1D /* en */ = {isa = PBXFileReference; lastKnownFileType = text.plist.strings; name = en; path = en.lproj/InfoPlist.strings; sourceTree = "<group>"; };
		F45405E51802AD8D00F50C1D /* VTABMTests.m */ = {isa = PBXFileReference; lastKnownFileType = sourcecode.c.objc; path = VTABMTests.m; sourceTree = "<group>"; };
		F45405F01802ADF100F50C1D /* vtabm.xcdatamodel */ = {isa = PBXFileReference; lastKnownFileType = wrapper.xcdatamodel; path = vtabm.xcdatamodel; sourceTree = "<group>"; };
		F45405F51802B08000F50C1D /* VTABMStore.h */ = {isa = PBXFileReference; fileEncoding = 4; lastKnownFileType = sourcecode.c.h; name = VTABMStore.h; path = Model/VTABMStore.h; sourceTree = "<group>"; };
		F45405F61802B08000F50C1D /* VTABMStore.m */ = {isa = PBXFileReference; fileEncoding = 4; lastKnownFileType = sourcecode.c.objc; name = VTABMStore.m; path = Model/VTABMStore.m; sourceTree = "<group>"; };
		F45406071802C72000F50C1D /* Toy.h */ = {isa = PBXFileReference; fileEncoding = 4; lastKnownFileType = sourcecode.c.h; name = Toy.h; path = Model/Toy.h; sourceTree = "<group>"; };
		F45406081802C72000F50C1D /* Toy.m */ = {isa = PBXFileReference; fileEncoding = 4; lastKnownFileType = sourcecode.c.objc; name = Toy.m; path = Model/Toy.m; sourceTree = "<group>"; };
		F454060A1802D36400F50C1D /* VTABMFetchedResultsTableViewController.h */ = {isa = PBXFileReference; fileEncoding = 4; lastKnownFileType = sourcecode.c.h; name = VTABMFetchedResultsTableViewController.h; path = Controller/VTABMFetchedResultsTableViewController.h; sourceTree = "<group>"; };
		F454060B1802D36400F50C1D /* VTABMFetchedResultsTableViewController.m */ = {isa = PBXFileReference; fileEncoding = 4; lastKnownFileType = sourcecode.c.objc; name = VTABMFetchedResultsTableViewController.m; path = Controller/VTABMFetchedResultsTableViewController.m; sourceTree = "<group>"; };
		F474B7CA18AF3EEF0007E238 /* VTADropboxManager.h */ = {isa = PBXFileReference; fileEncoding = 4; lastKnownFileType = sourcecode.c.h; path = VTADropboxManager.h; sourceTree = "<group>"; };
		F474B7CB18AF3EEF0007E238 /* VTADropboxManager.m */ = {isa = PBXFileReference; fileEncoding = 4; lastKnownFileType = sourcecode.c.objc; path = VTADropboxManager.m; sourceTree = "<group>"; };
		F4788CAD1848A43F005DB095 /* VTABackupItem.h */ = {isa = PBXFileReference; fileEncoding = 4; lastKnownFileType = sourcecode.c.h; path = VTABackupItem.h; sourceTree = "<group>"; };
		F4788CAE1848A43F005DB095 /* VTABackupItem.m */ = {isa = PBXFileReference; fileEncoding = 4; lastKnownFileType = sourcecode.c.objc; path = VTABackupItem.m; sourceTree = "<group>"; };
		F4B6F74718B32FC200987B99 /* Reachability.h */ = {isa = PBXFileReference; fileEncoding = 4; lastKnownFileType = sourcecode.c.h; path = Reachability.h; sourceTree = "<group>"; };
		F4B6F74818B32FC200987B99 /* Reachability.m */ = {isa = PBXFileReference; fileEncoding = 4; lastKnownFileType = sourcecode.c.objc; path = Reachability.m; sourceTree = "<group>"; };
		F4B6F74A18B32FE800987B99 /* DropboxCredentials.h */ = {isa = PBXFileReference; fileEncoding = 4; lastKnownFileType = sourcecode.c.h; path = DropboxCredentials.h; sourceTree = "<group>"; };
		F4B6F74B18B332DE00987B99 /* Security.framework */ = {isa = PBXFileReference; lastKnownFileType = wrapper.framework; name = Security.framework; path = System/Library/Frameworks/Security.framework; sourceTree = SDKROOT; };
		F4B6F74D18B332EA00987B99 /* QuartzCore.framework */ = {isa = PBXFileReference; lastKnownFileType = wrapper.framework; name = QuartzCore.framework; path = System/Library/Frameworks/QuartzCore.framework; sourceTree = SDKROOT; };
		F4B6F75118B3418500987B99 /* Dropbox.framework */ = {isa = PBXFileReference; lastKnownFileType = wrapper.framework; path = Dropbox.framework; sourceTree = "<group>"; };
		F4B6F75318B3423900987B99 /* CFNetwork.framework */ = {isa = PBXFileReference; lastKnownFileType = wrapper.framework; name = CFNetwork.framework; path = System/Library/Frameworks/CFNetwork.framework; sourceTree = SDKROOT; };
		F4B6F75518B3424700987B99 /* SystemConfiguration.framework */ = {isa = PBXFileReference; lastKnownFileType = wrapper.framework; name = SystemConfiguration.framework; path = System/Library/Frameworks/SystemConfiguration.framework; sourceTree = SDKROOT; };
		F4B6F75718B3426100987B99 /* libc++.dylib */ = {isa = PBXFileReference; lastKnownFileType = "compiled.mach-o.dylib"; name = "libc++.dylib"; path = "usr/lib/libc++.dylib"; sourceTree = SDKROOT; };
		F4B6F75918B358A700987B99 /* VTABackupManager 2.h */ = {isa = PBXFileReference; fileEncoding = 4; lastKnownFileType = sourcecode.c.h; path = "VTABackupManager 2.h"; sourceTree = "<group>"; };
		F4B6F75A18B358A700987B99 /* VTABackupManager 2.m */ = {isa = PBXFileReference; fileEncoding = 4; lastKnownFileType = sourcecode.c.objc; path = "VTABackupManager 2.m"; sourceTree = "<group>"; };
		F4B6F75C18B9BB4F00987B99 /* VTABMBackupManagerTests.h */ = {isa = PBXFileReference; fileEncoding = 4; lastKnownFileType = sourcecode.c.h; path = VTABMBackupManagerTests.h; sourceTree = "<group>"; };
		F4B6F75D18B9BB4F00987B99 /* VTABMBackupManagerTests.m */ = {isa = PBXFileReference; fileEncoding = 4; lastKnownFileType = sourcecode.c.objc; path = VTABMBackupManagerTests.m; sourceTree = "<group>"; };
/* End PBXFileReference section */

/* Begin PBXFrameworksBuildPhase section */
		F45405B41802AD8D00F50C1D /* Frameworks */ = {
			isa = PBXFrameworksBuildPhase;
			buildActionMask = 2147483647;
			files = (
				F4B6F75818B3426100987B99 /* libc++.dylib in Frameworks */,
				F4B6F74E18B332EA00987B99 /* QuartzCore.framework in Frameworks */,
				F4B6F75618B3424700987B99 /* SystemConfiguration.framework in Frameworks */,
				F4B6F75418B3423900987B99 /* CFNetwork.framework in Frameworks */,
				F4B6F75218B3418500987B99 /* Dropbox.framework in Frameworks */,
				F4B6F74C18B332DE00987B99 /* Security.framework in Frameworks */,
				F45405BD1802AD8D00F50C1D /* CoreGraphics.framework in Frameworks */,
				F45405BF1802AD8D00F50C1D /* UIKit.framework in Frameworks */,
				F45405BB1802AD8D00F50C1D /* Foundation.framework in Frameworks */,
			);
			runOnlyForDeploymentPostprocessing = 0;
		};
		F45405D51802AD8D00F50C1D /* Frameworks */ = {
			isa = PBXFrameworksBuildPhase;
			buildActionMask = 2147483647;
			files = (
				F45405DA1802AD8D00F50C1D /* XCTest.framework in Frameworks */,
				F45405DC1802AD8D00F50C1D /* UIKit.framework in Frameworks */,
				F45405DB1802AD8D00F50C1D /* Foundation.framework in Frameworks */,
			);
			runOnlyForDeploymentPostprocessing = 0;
		};
/* End PBXFrameworksBuildPhase section */

/* Begin PBXGroup section */
		F4528C6A1804253400DFAA10 /* VTABackupManager */ = {
			isa = PBXGroup;
			children = (
				F4B6F75918B358A700987B99 /* VTABackupManager 2.h */,
				F4B6F75A18B358A700987B99 /* VTABackupManager 2.m */,
				F4528C6B1804253400DFAA10 /* VTABackupManager.h */,
				F4528C6C1804253400DFAA10 /* VTABackupManager.m */,
				F4788CAD1848A43F005DB095 /* VTABackupItem.h */,
				F4788CAE1848A43F005DB095 /* VTABackupItem.m */,
				F474B7CA18AF3EEF0007E238 /* VTADropboxManager.h */,
				F474B7CB18AF3EEF0007E238 /* VTADropboxManager.m */,
			);
			name = VTABackupManager;
			path = ../../Source;
			sourceTree = "<group>";
		};
		F45405AE1802AD8D00F50C1D = {
			isa = PBXGroup;
			children = (
				F45405C01802AD8D00F50C1D /* VTABM */,
				F45405DF1802AD8D00F50C1D /* VTABMTests */,
				F45405B91802AD8D00F50C1D /* Frameworks */,
				F45405B81802AD8D00F50C1D /* Products */,
			);
			sourceTree = "<group>";
		};
		F45405B81802AD8D00F50C1D /* Products */ = {
			isa = PBXGroup;
			children = (
				F45405B71802AD8D00F50C1D /* VTABM.app */,
				F45405D81802AD8D00F50C1D /* VTABMTests.xctest */,
			);
			name = Products;
			sourceTree = "<group>";
		};
		F45405B91802AD8D00F50C1D /* Frameworks */ = {
			isa = PBXGroup;
			children = (
				F4B6F75718B3426100987B99 /* libc++.dylib */,
				F4B6F75518B3424700987B99 /* SystemConfiguration.framework */,
				F4B6F75318B3423900987B99 /* CFNetwork.framework */,
				F4B6F75118B3418500987B99 /* Dropbox.framework */,
				F4B6F74D18B332EA00987B99 /* QuartzCore.framework */,
				F4B6F74B18B332DE00987B99 /* Security.framework */,
				F45405BA1802AD8D00F50C1D /* Foundation.framework */,
				F45405BC1802AD8D00F50C1D /* CoreGraphics.framework */,
				F45405BE1802AD8D00F50C1D /* UIKit.framework */,
				F45405D91802AD8D00F50C1D /* XCTest.framework */,
			);
			name = Frameworks;
			sourceTree = "<group>";
		};
		F45405C01802AD8D00F50C1D /* VTABM */ = {
			isa = PBXGroup;
			children = (
				F4B6F74A18B32FE800987B99 /* DropboxCredentials.h */,
				F4528C6A1804253400DFAA10 /* VTABackupManager */,
				F45405F21802ADF500F50C1D /* Model */,
				F45405F41802AE0C00F50C1D /* View */,
				F45405F31802AE0100F50C1D /* Controller */,
				F45405C91802AD8D00F50C1D /* VTABMAppDelegate.h */,
				F45405CA1802AD8D00F50C1D /* VTABMAppDelegate.m */,
				F4B6F74718B32FC200987B99 /* Reachability.h */,
				F4B6F74818B32FC200987B99 /* Reachability.m */,
				F45405D21802AD8D00F50C1D /* Images.xcassets */,
				F45405C11802AD8D00F50C1D /* Supporting Files */,
			);
			path = VTABM;
			sourceTree = "<group>";
		};
		F45405C11802AD8D00F50C1D /* Supporting Files */ = {
			isa = PBXGroup;
			children = (
				F45405C21802AD8D00F50C1D /* VTABM-Info.plist */,
				F45405C31802AD8D00F50C1D /* InfoPlist.strings */,
				F45405C61802AD8D00F50C1D /* main.m */,
				F45405C81802AD8D00F50C1D /* VTABM-Prefix.pch */,
			);
			name = "Supporting Files";
			sourceTree = "<group>";
		};
		F45405DF1802AD8D00F50C1D /* VTABMTests */ = {
			isa = PBXGroup;
			children = (
				F45405E51802AD8D00F50C1D /* VTABMTests.m */,
				F45405E01802AD8D00F50C1D /* Supporting Files */,
				F4B6F75C18B9BB4F00987B99 /* VTABMBackupManagerTests.h */,
				F4B6F75D18B9BB4F00987B99 /* VTABMBackupManagerTests.m */,
			);
			path = VTABMTests;
			sourceTree = "<group>";
		};
		F45405E01802AD8D00F50C1D /* Supporting Files */ = {
			isa = PBXGroup;
			children = (
				F45405E11802AD8D00F50C1D /* VTABMTests-Info.plist */,
				F45405E21802AD8D00F50C1D /* InfoPlist.strings */,
			);
			name = "Supporting Files";
			sourceTree = "<group>";
		};
		F45405F21802ADF500F50C1D /* Model */ = {
			isa = PBXGroup;
			children = (
				F4528C5B1804075D00DFAA10 /* VTABMRequestStore.h */,
				F4528C5C1804075D00DFAA10 /* VTABMRequestStore.m */,
				F4528C55180400AB00DFAA10 /* VTABMImageStore.h */,
				F4528C56180400AB00DFAA10 /* VTABMImageStore.m */,
				F45405F51802B08000F50C1D /* VTABMStore.h */,
				F45405F61802B08000F50C1D /* VTABMStore.m */,
				F4528C5E180408A400DFAA10 /* Cat.h */,
				F4528C5F180408A400DFAA10 /* Cat.m */,
				F45405EF1802ADF100F50C1D /* vtabm.xcdatamodeld */,
				F45406071802C72000F50C1D /* Toy.h */,
				F45406081802C72000F50C1D /* Toy.m */,
				F4528C581804073600DFAA10 /* Cat+createThumbnail.h */,
				F4528C591804073600DFAA10 /* Cat+createThumbnail.m */,
				F4528C61180411AA00DFAA10 /* VTABMConnection.h */,
				F4528C62180411AA00DFAA10 /* VTABMConnection.m */,
			);
			name = Model;
			sourceTree = "<group>";
		};
		F45405F31802AE0100F50C1D /* Controller */ = {
			isa = PBXGroup;
			children = (
				F45405CF1802AD8D00F50C1D /* VTABMViewController.h */,
				F45405D01802AD8D00F50C1D /* VTABMViewController.m */,
				F454060A1802D36400F50C1D /* VTABMFetchedResultsTableViewController.h */,
				F454060B1802D36400F50C1D /* VTABMFetchedResultsTableViewController.m */,
				F4528C521803F66700DFAA10 /* VTABMDetailViewController.h */,
				F4528C531803F66700DFAA10 /* VTABMDetailViewController.m */,
				F4528C64180417B200DFAA10 /* VTABMWebViewController.h */,
				F4528C65180417B200DFAA10 /* VTABMWebViewController.m */,
				F4528C671804232500DFAA10 /* VTABMBackupViewController.h */,
				F4528C681804232500DFAA10 /* VTABMBackupViewController.m */,
			);
			name = Controller;
			sourceTree = "<group>";
		};
		F45405F41802AE0C00F50C1D /* View */ = {
			isa = PBXGroup;
			children = (
				F45405CC1802AD8D00F50C1D /* Main.storyboard */,
			);
			name = View;
			sourceTree = "<group>";
		};
/* End PBXGroup section */

/* Begin PBXNativeTarget section */
		F45405B61802AD8D00F50C1D /* VTABM */ = {
			isa = PBXNativeTarget;
			buildConfigurationList = F45405E91802AD8D00F50C1D /* Build configuration list for PBXNativeTarget "VTABM" */;
			buildPhases = (
				F45405B31802AD8D00F50C1D /* Sources */,
				F45405B41802AD8D00F50C1D /* Frameworks */,
				F45405B51802AD8D00F50C1D /* Resources */,
			);
			buildRules = (
			);
			dependencies = (
			);
			name = VTABM;
			productName = VTABM;
			productReference = F45405B71802AD8D00F50C1D /* VTABM.app */;
			productType = "com.apple.product-type.application";
		};
		F45405D71802AD8D00F50C1D /* VTABMTests */ = {
			isa = PBXNativeTarget;
			buildConfigurationList = F45405EC1802AD8D00F50C1D /* Build configuration list for PBXNativeTarget "VTABMTests" */;
			buildPhases = (
				F45405D41802AD8D00F50C1D /* Sources */,
				F45405D51802AD8D00F50C1D /* Frameworks */,
				F45405D61802AD8D00F50C1D /* Resources */,
			);
			buildRules = (
			);
			dependencies = (
				F45405DE1802AD8D00F50C1D /* PBXTargetDependency */,
			);
			name = VTABMTests;
			productName = VTABMTests;
			productReference = F45405D81802AD8D00F50C1D /* VTABMTests.xctest */;
			productType = "com.apple.product-type.bundle.unit-test";
		};
/* End PBXNativeTarget section */

/* Begin PBXProject section */
		F45405AF1802AD8D00F50C1D /* Project object */ = {
			isa = PBXProject;
			attributes = {
				CLASSPREFIX = VTABM;
				LastUpgradeCheck = 0500;
				ORGANIZATIONNAME = "Simon Fairbairn";
				TargetAttributes = {
					F45405D71802AD8D00F50C1D = {
						TestTargetID = F45405B61802AD8D00F50C1D;
					};
				};
			};
			buildConfigurationList = F45405B21802AD8D00F50C1D /* Build configuration list for PBXProject "VTABM" */;
			compatibilityVersion = "Xcode 3.2";
			developmentRegion = English;
			hasScannedForEncodings = 0;
			knownRegions = (
				en,
				Base,
			);
			mainGroup = F45405AE1802AD8D00F50C1D;
			productRefGroup = F45405B81802AD8D00F50C1D /* Products */;
			projectDirPath = "";
			projectRoot = "";
			targets = (
				F45405B61802AD8D00F50C1D /* VTABM */,
				F45405D71802AD8D00F50C1D /* VTABMTests */,
			);
		};
/* End PBXProject section */

/* Begin PBXResourcesBuildPhase section */
		F45405B51802AD8D00F50C1D /* Resources */ = {
			isa = PBXResourcesBuildPhase;
			buildActionMask = 2147483647;
			files = (
				F45405D31802AD8D00F50C1D /* Images.xcassets in Resources */,
				F45405C51802AD8D00F50C1D /* InfoPlist.strings in Resources */,
				F45405CE1802AD8D00F50C1D /* Main.storyboard in Resources */,
			);
			runOnlyForDeploymentPostprocessing = 0;
		};
		F45405D61802AD8D00F50C1D /* Resources */ = {
			isa = PBXResourcesBuildPhase;
			buildActionMask = 2147483647;
			files = (
				F45405E41802AD8D00F50C1D /* InfoPlist.strings in Resources */,
			);
			runOnlyForDeploymentPostprocessing = 0;
		};
/* End PBXResourcesBuildPhase section */

/* Begin PBXSourcesBuildPhase section */
		F45405B31802AD8D00F50C1D /* Sources */ = {
			isa = PBXSourcesBuildPhase;
			buildActionMask = 2147483647;
			files = (
				F4528C60180408A400DFAA10 /* Cat.m in Sources */,
				F4528C691804232500DFAA10 /* VTABMBackupViewController.m in Sources */,
				F474B7CC18AF3EEF0007E238 /* VTADropboxManager.m in Sources */,
				F45405F11802ADF100F50C1D /* vtabm.xcdatamodeld in Sources */,
				F454060C1802D36400F50C1D /* VTABMFetchedResultsTableViewController.m in Sources */,
				F4B6F75B18B358A700987B99 /* VTABackupManager 2.m in Sources */,
				F4788CAF1848A43F005DB095 /* VTABackupItem.m in Sources */,
				F4528C5D1804075D00DFAA10 /* VTABMRequestStore.m in Sources */,
				F45405F71802B08000F50C1D /* VTABMStore.m in Sources */,
				F4528C541803F66700DFAA10 /* VTABMDetailViewController.m in Sources */,
				F4528C5A1804073600DFAA10 /* Cat+createThumbnail.m in Sources */,
				F4B6F74918B32FC200987B99 /* Reachability.m in Sources */,
				F45405D11802AD8D00F50C1D /* VTABMViewController.m in Sources */,
				F4528C6D1804253400DFAA10 /* VTABackupManager.m in Sources */,
				F45405C71802AD8D00F50C1D /* main.m in Sources */,
				F4528C63180411AA00DFAA10 /* VTABMConnection.m in Sources */,
				F4528C66180417B200DFAA10 /* VTABMWebViewController.m in Sources */,
				F45405CB1802AD8D00F50C1D /* VTABMAppDelegate.m in Sources */,
				F4528C57180400AB00DFAA10 /* VTABMImageStore.m in Sources */,
				F45406091802C72000F50C1D /* Toy.m in Sources */,
			);
			runOnlyForDeploymentPostprocessing = 0;
		};
		F45405D41802AD8D00F50C1D /* Sources */ = {
			isa = PBXSourcesBuildPhase;
			buildActionMask = 2147483647;
			files = (
				F4B6F75E18B9BB4F00987B99 /* VTABMBackupManagerTests.m in Sources */,
				F45405E61802AD8D00F50C1D /* VTABMTests.m in Sources */,
			);
			runOnlyForDeploymentPostprocessing = 0;
		};
/* End PBXSourcesBuildPhase section */

/* Begin PBXTargetDependency section */
		F45405DE1802AD8D00F50C1D /* PBXTargetDependency */ = {
			isa = PBXTargetDependency;
			target = F45405B61802AD8D00F50C1D /* VTABM */;
			targetProxy = F45405DD1802AD8D00F50C1D /* PBXContainerItemProxy */;
		};
/* End PBXTargetDependency section */

/* Begin PBXVariantGroup section */
		F45405C31802AD8D00F50C1D /* InfoPlist.strings */ = {
			isa = PBXVariantGroup;
			children = (
				F45405C41802AD8D00F50C1D /* en */,
			);
			name = InfoPlist.strings;
			sourceTree = "<group>";
		};
		F45405CC1802AD8D00F50C1D /* Main.storyboard */ = {
			isa = PBXVariantGroup;
			children = (
				F45405CD1802AD8D00F50C1D /* Base */,
			);
			name = Main.storyboard;
			sourceTree = "<group>";
		};
		F45405E21802AD8D00F50C1D /* InfoPlist.strings */ = {
			isa = PBXVariantGroup;
			children = (
				F45405E31802AD8D00F50C1D /* en */,
			);
			name = InfoPlist.strings;
			sourceTree = "<group>";
		};
/* End PBXVariantGroup section */

/* Begin XCBuildConfiguration section */
		F45405E71802AD8D00F50C1D /* Debug */ = {
			isa = XCBuildConfiguration;
			buildSettings = {
				ALWAYS_SEARCH_USER_PATHS = NO;
				ARCHS = "$(ARCHS_STANDARD_INCLUDING_64_BIT)";
				CLANG_CXX_LANGUAGE_STANDARD = "gnu++0x";
				CLANG_CXX_LIBRARY = "libc++";
				CLANG_ENABLE_MODULES = YES;
				CLANG_ENABLE_OBJC_ARC = YES;
				CLANG_WARN_BOOL_CONVERSION = YES;
				CLANG_WARN_CONSTANT_CONVERSION = YES;
				CLANG_WARN_DIRECT_OBJC_ISA_USAGE = YES_ERROR;
				CLANG_WARN_EMPTY_BODY = YES;
				CLANG_WARN_ENUM_CONVERSION = YES;
				CLANG_WARN_INT_CONVERSION = YES;
				CLANG_WARN_OBJC_ROOT_CLASS = YES_ERROR;
				CLANG_WARN__DUPLICATE_METHOD_MATCH = YES;
				"CODE_SIGN_IDENTITY[sdk=iphoneos*]" = "iPhone Developer";
				COPY_PHASE_STRIP = NO;
				GCC_C_LANGUAGE_STANDARD = gnu99;
				GCC_DYNAMIC_NO_PIC = NO;
				GCC_OPTIMIZATION_LEVEL = 0;
				GCC_PREPROCESSOR_DEFINITIONS = (
					"DEBUG=1",
					"$(inherited)",
				);
				GCC_SYMBOLS_PRIVATE_EXTERN = NO;
				GCC_WARN_64_TO_32_BIT_CONVERSION = YES;
				GCC_WARN_ABOUT_RETURN_TYPE = YES_ERROR;
				GCC_WARN_UNDECLARED_SELECTOR = YES;
				GCC_WARN_UNINITIALIZED_AUTOS = YES;
				GCC_WARN_UNUSED_FUNCTION = YES;
				GCC_WARN_UNUSED_VARIABLE = YES;
				IPHONEOS_DEPLOYMENT_TARGET = 7.0;
				ONLY_ACTIVE_ARCH = YES;
				SDKROOT = iphoneos;
			};
			name = Debug;
		};
		F45405E81802AD8D00F50C1D /* Release */ = {
			isa = XCBuildConfiguration;
			buildSettings = {
				ALWAYS_SEARCH_USER_PATHS = NO;
				ARCHS = "$(ARCHS_STANDARD_INCLUDING_64_BIT)";
				CLANG_CXX_LANGUAGE_STANDARD = "gnu++0x";
				CLANG_CXX_LIBRARY = "libc++";
				CLANG_ENABLE_MODULES = YES;
				CLANG_ENABLE_OBJC_ARC = YES;
				CLANG_WARN_BOOL_CONVERSION = YES;
				CLANG_WARN_CONSTANT_CONVERSION = YES;
				CLANG_WARN_DIRECT_OBJC_ISA_USAGE = YES_ERROR;
				CLANG_WARN_EMPTY_BODY = YES;
				CLANG_WARN_ENUM_CONVERSION = YES;
				CLANG_WARN_INT_CONVERSION = YES;
				CLANG_WARN_OBJC_ROOT_CLASS = YES_ERROR;
				CLANG_WARN__DUPLICATE_METHOD_MATCH = YES;
				"CODE_SIGN_IDENTITY[sdk=iphoneos*]" = "iPhone Developer";
				COPY_PHASE_STRIP = YES;
				ENABLE_NS_ASSERTIONS = NO;
				GCC_C_LANGUAGE_STANDARD = gnu99;
				GCC_WARN_64_TO_32_BIT_CONVERSION = YES;
				GCC_WARN_ABOUT_RETURN_TYPE = YES_ERROR;
				GCC_WARN_UNDECLARED_SELECTOR = YES;
				GCC_WARN_UNINITIALIZED_AUTOS = YES;
				GCC_WARN_UNUSED_FUNCTION = YES;
				GCC_WARN_UNUSED_VARIABLE = YES;
				IPHONEOS_DEPLOYMENT_TARGET = 7.0;
				SDKROOT = iphoneos;
				VALIDATE_PRODUCT = YES;
			};
			name = Release;
		};
		F45405EA1802AD8D00F50C1D /* Debug */ = {
			isa = XCBuildConfiguration;
			buildSettings = {
				ASSETCATALOG_COMPILER_APPICON_NAME = AppIcon;
				ASSETCATALOG_COMPILER_LAUNCHIMAGE_NAME = LaunchImage;
				FRAMEWORK_SEARCH_PATHS = (
					"$(inherited)",
					"/Users/simon/Developer/Travel\\ Budget\\ App/App/trail\\ wallet/VTABackupManager/VTABM",
				);
				GCC_PRECOMPILE_PREFIX_HEADER = YES;
				GCC_PREFIX_HEADER = "VTABM/VTABM-Prefix.pch";
				INFOPLIST_FILE = "VTABM/VTABM-Info.plist";
				PRODUCT_NAME = "$(TARGET_NAME)";
				WRAPPER_EXTENSION = app;
			};
			name = Debug;
		};
		F45405EB1802AD8D00F50C1D /* Release */ = {
			isa = XCBuildConfiguration;
			buildSettings = {
				ASSETCATALOG_COMPILER_APPICON_NAME = AppIcon;
				ASSETCATALOG_COMPILER_LAUNCHIMAGE_NAME = LaunchImage;
				FRAMEWORK_SEARCH_PATHS = (
					"$(inherited)",
					"/Users/simon/Developer/Travel\\ Budget\\ App/App/trail\\ wallet/VTABackupManager/VTABM",
				);
				GCC_PRECOMPILE_PREFIX_HEADER = YES;
				GCC_PREFIX_HEADER = "VTABM/VTABM-Prefix.pch";
				INFOPLIST_FILE = "VTABM/VTABM-Info.plist";
				PRODUCT_NAME = "$(TARGET_NAME)";
				WRAPPER_EXTENSION = app;
			};
			name = Release;
		};
		F45405ED1802AD8D00F50C1D /* Debug */ = {
			isa = XCBuildConfiguration;
			buildSettings = {
				ARCHS = "$(ARCHS_STANDARD_INCLUDING_64_BIT)";
				BUNDLE_LOADER = "$(BUILT_PRODUCTS_DIR)/VTABM.app/VTABM";
				FRAMEWORK_SEARCH_PATHS = (
					"$(SDKROOT)/Developer/Library/Frameworks",
					"$(inherited)",
					"$(DEVELOPER_FRAMEWORKS_DIR)",
				);
				GCC_PRECOMPILE_PREFIX_HEADER = YES;
				GCC_PREFIX_HEADER = "VTABM/VTABM-Prefix.pch";
				GCC_PREPROCESSOR_DEFINITIONS = (
					"DEBUG=1",
					"$(inherited)",
				);
				INFOPLIST_FILE = "VTABMTests/VTABMTests-Info.plist";
				PRODUCT_NAME = "$(TARGET_NAME)";
				TEST_HOST = "$(BUNDLE_LOADER)";
				WRAPPER_EXTENSION = xctest;
			};
			name = Debug;
		};
		F45405EE1802AD8D00F50C1D /* Release */ = {
			isa = XCBuildConfiguration;
			buildSettings = {
				ARCHS = "$(ARCHS_STANDARD_INCLUDING_64_BIT)";
				BUNDLE_LOADER = "$(BUILT_PRODUCTS_DIR)/VTABM.app/VTABM";
				FRAMEWORK_SEARCH_PATHS = (
					"$(SDKROOT)/Developer/Library/Frameworks",
					"$(inherited)",
					"$(DEVELOPER_FRAMEWORKS_DIR)",
				);
				GCC_PRECOMPILE_PREFIX_HEADER = YES;
				GCC_PREFIX_HEADER = "VTABM/VTABM-Prefix.pch";
				INFOPLIST_FILE = "VTABMTests/VTABMTests-Info.plist";
				PRODUCT_NAME = "$(TARGET_NAME)";
				TEST_HOST = "$(BUNDLE_LOADER)";
				WRAPPER_EXTENSION = xctest;
			};
			name = Release;
		};
/* End XCBuildConfiguration section */

/* Begin XCConfigurationList section */
		F45405B21802AD8D00F50C1D /* Build configuration list for PBXProject "VTABM" */ = {
			isa = XCConfigurationList;
			buildConfigurations = (
				F45405E71802AD8D00F50C1D /* Debug */,
				F45405E81802AD8D00F50C1D /* Release */,
			);
			defaultConfigurationIsVisible = 0;
			defaultConfigurationName = Release;
		};
		F45405E91802AD8D00F50C1D /* Build configuration list for PBXNativeTarget "VTABM" */ = {
			isa = XCConfigurationList;
			buildConfigurations = (
				F45405EA1802AD8D00F50C1D /* Debug */,
				F45405EB1802AD8D00F50C1D /* Release */,
			);
			defaultConfigurationIsVisible = 0;
			defaultConfigurationName = Release;
		};
		F45405EC1802AD8D00F50C1D /* Build configuration list for PBXNativeTarget "VTABMTests" */ = {
			isa = XCConfigurationList;
			buildConfigurations = (
				F45405ED1802AD8D00F50C1D /* Debug */,
				F45405EE1802AD8D00F50C1D /* Release */,
			);
			defaultConfigurationIsVisible = 0;
			defaultConfigurationName = Release;
		};
/* End XCConfigurationList section */

/* Begin XCVersionGroup section */
		F45405EF1802ADF100F50C1D /* vtabm.xcdatamodeld */ = {
			isa = XCVersionGroup;
			children = (
				F45405F01802ADF100F50C1D /* vtabm.xcdatamodel */,
			);
			currentVersion = F45405F01802ADF100F50C1D /* vtabm.xcdatamodel */;
			name = vtabm.xcdatamodeld;
			path = Model/vtabm.xcdatamodeld;
			sourceTree = "<group>";
			versionGroupType = wrapper.xcdatamodel;
		};
/* End XCVersionGroup section */
	};
	rootObject = F45405AF1802AD8D00F50C1D /* Project object */;
}
